// !$*UTF8*$!
{
	archiveVersion = 1;
	classes = {
	};
	objectVersion = 46;
	objects = {

/* Begin PBXBuildFile section */
		8C29B9841F0D49980022DCBE /* AppDelegate.swift in Sources */ = {isa = PBXBuildFile; fileRef = 8C29B9831F0D49980022DCBE /* AppDelegate.swift */; };
		8C29B98B1F0D49980022DCBE /* Assets.xcassets in Resources */ = {isa = PBXBuildFile; fileRef = 8C29B98A1F0D49980022DCBE /* Assets.xcassets */; };
		8C29B98E1F0D49980022DCBE /* LaunchScreen.storyboard in Resources */ = {isa = PBXBuildFile; fileRef = 8C29B98C1F0D49980022DCBE /* LaunchScreen.storyboard */; };
		8C31B1941F152AC100B0AB24 /* HouseViewController.swift in Sources */ = {isa = PBXBuildFile; fileRef = 8C31B1921F152AC100B0AB24 /* HouseViewController.swift */; };
		8C31B1951F152AC100B0AB24 /* HouseViewController.xib in Resources */ = {isa = PBXBuildFile; fileRef = 8C31B1931F152AC100B0AB24 /* HouseViewController.xib */; };
		8C55109F1F16771100BD15E0 /* UIKitExtensions.swift in Sources */ = {isa = PBXBuildFile; fileRef = 8C55109E1F16771100BD15E0 /* UIKitExtensions.swift */; };
		8C5510A11F167AB400BD15E0 /* RepositoryTests.swift in Sources */ = {isa = PBXBuildFile; fileRef = 8C5510A01F167AB400BD15E0 /* RepositoryTests.swift */; };
		8C5510A31F167C6C00BD15E0 /* Repository.swift in Sources */ = {isa = PBXBuildFile; fileRef = 8C5510A21F167C6C00BD15E0 /* Repository.swift */; };
		8C5510A51F1709F800BD15E0 /* targaryenSigil.jpg in Resources */ = {isa = PBXBuildFile; fileRef = 8C5510A41F1709F800BD15E0 /* targaryenSigil.jpg */; };
		8C65F6DF1F2A553200913BD2 /* houses.jpg in Resources */ = {isa = PBXBuildFile; fileRef = 8C65F6DE1F2A553200913BD2 /* houses.jpg */; };
		8C65F6E11F2A553C00913BD2 /* westeros.png in Resources */ = {isa = PBXBuildFile; fileRef = 8C65F6E01F2A553C00913BD2 /* westeros.png */; };
		8CD583031F0FC31000D425E0 /* HouseTests.swift in Sources */ = {isa = PBXBuildFile; fileRef = 8CD583021F0FC31000D425E0 /* HouseTests.swift */; };
		8CD583051F0FC44500D425E0 /* House.swift in Sources */ = {isa = PBXBuildFile; fileRef = 8CD583041F0FC44500D425E0 /* House.swift */; };
		8CD583091F0FCA8500D425E0 /* codeIsComing.png in Resources */ = {isa = PBXBuildFile; fileRef = 8CD583071F0FCA8500D425E0 /* codeIsComing.png */; };
		8CD5830A1F0FCA8500D425E0 /* lannister.jpg in Resources */ = {isa = PBXBuildFile; fileRef = 8CD583081F0FCA8500D425E0 /* lannister.jpg */; };
		8CD5830D1F0FCCB700D425E0 /* PersonTest.swift in Sources */ = {isa = PBXBuildFile; fileRef = 8CD5830C1F0FCCB700D425E0 /* PersonTest.swift */; };
		8CD5830F1F0FCF6E00D425E0 /* Person.swift in Sources */ = {isa = PBXBuildFile; fileRef = 8CD5830E1F0FCF6E00D425E0 /* Person.swift */; };
		8CD62E081F2976B200E9AF2A /* Season.swift in Sources */ = {isa = PBXBuildFile; fileRef = 8CD62E071F2976B200E9AF2A /* Season.swift */; };
		8CD62E0A1F29770200E9AF2A /* SeasonTests.swift in Sources */ = {isa = PBXBuildFile; fileRef = 8CD62E091F29770200E9AF2A /* SeasonTests.swift */; };
		8CD62E0C1F29789400E9AF2A /* Episode.swift in Sources */ = {isa = PBXBuildFile; fileRef = 8CD62E0B1F29789400E9AF2A /* Episode.swift */; };
		8CDE53B91F1FBEF000D96B34 /* ArrayDataSource.swift in Sources */ = {isa = PBXBuildFile; fileRef = 8CDE53B81F1FBEF000D96B34 /* ArrayDataSource.swift */; };
		8CDE53BB1F1FC3F400D96B34 /* ArrayDataSourceTests.swift in Sources */ = {isa = PBXBuildFile; fileRef = 8CDE53BA1F1FC3F400D96B34 /* ArrayDataSourceTests.swift */; };
		8CDE53BD1F1FC9B900D96B34 /* ArrayTableViewController.swift in Sources */ = {isa = PBXBuildFile; fileRef = 8CDE53BC1F1FC9B900D96B34 /* ArrayTableViewController.swift */; };
		8CDE53C01F1FCBBF00D96B34 /* DataSources.swift in Sources */ = {isa = PBXBuildFile; fileRef = 8CDE53BF1F1FCBBF00D96B34 /* DataSources.swift */; };
		8CDE53C21F1FD0B200D96B34 /* ArrayTableViewDelegate.swift in Sources */ = {isa = PBXBuildFile; fileRef = 8CDE53C11F1FD0B200D96B34 /* ArrayTableViewDelegate.swift */; };
		8CDE53C61F1FD1B400D96B34 /* Delegates.swift in Sources */ = {isa = PBXBuildFile; fileRef = 8CDE53C51F1FD1B400D96B34 /* Delegates.swift */; };
		8CF7997C1F1E5D3900AC30F8 /* WikiViewController.swift in Sources */ = {isa = PBXBuildFile; fileRef = 8CF7997A1F1E5D3900AC30F8 /* WikiViewController.swift */; };
		8CF7997D1F1E5D3900AC30F8 /* WikiViewController.xib in Resources */ = {isa = PBXBuildFile; fileRef = 8CF7997B1F1E5D3900AC30F8 /* WikiViewController.xib */; };
		8CF799801F1E71E000AC30F8 /* HousesTableViewController.swift in Sources */ = {isa = PBXBuildFile; fileRef = 8CF7997E1F1E71E000AC30F8 /* HousesTableViewController.swift */; };
		8CF799811F1E71E000AC30F8 /* HousesTableViewController.xib in Resources */ = {isa = PBXBuildFile; fileRef = 8CF7997F1F1E71E000AC30F8 /* HousesTableViewController.xib */; };
		8CF799841F1E7E8700AC30F8 /* PersonTableViewController.swift in Sources */ = {isa = PBXBuildFile; fileRef = 8CF799821F1E7E8700AC30F8 /* PersonTableViewController.swift */; };
		8CF799851F1E7E8700AC30F8 /* PersonTableViewController.xib in Resources */ = {isa = PBXBuildFile; fileRef = 8CF799831F1E7E8700AC30F8 /* PersonTableViewController.xib */; };
/* End PBXBuildFile section */

/* Begin PBXContainerItemProxy section */
		8C29B9951F0D49990022DCBE /* PBXContainerItemProxy */ = {
			isa = PBXContainerItemProxy;
			containerPortal = 8C29B9781F0D49980022DCBE /* Project object */;
			proxyType = 1;
			remoteGlobalIDString = 8C29B97F1F0D49980022DCBE;
			remoteInfo = Westeros;
		};
/* End PBXContainerItemProxy section */

/* Begin PBXFileReference section */
		8C29B9801F0D49980022DCBE /* Westeros.app */ = {isa = PBXFileReference; explicitFileType = wrapper.application; includeInIndex = 0; path = Westeros.app; sourceTree = BUILT_PRODUCTS_DIR; };
		8C29B9831F0D49980022DCBE /* AppDelegate.swift */ = {isa = PBXFileReference; lastKnownFileType = sourcecode.swift; path = AppDelegate.swift; sourceTree = "<group>"; };
		8C29B98A1F0D49980022DCBE /* Assets.xcassets */ = {isa = PBXFileReference; lastKnownFileType = folder.assetcatalog; path = Assets.xcassets; sourceTree = "<group>"; };
		8C29B98D1F0D49980022DCBE /* Base */ = {isa = PBXFileReference; lastKnownFileType = file.storyboard; name = Base; path = Base.lproj/LaunchScreen.storyboard; sourceTree = "<group>"; };
		8C29B98F1F0D49980022DCBE /* Info.plist */ = {isa = PBXFileReference; lastKnownFileType = text.plist.xml; path = Info.plist; sourceTree = "<group>"; };
		8C29B9941F0D49990022DCBE /* WesterosTests.xctest */ = {isa = PBXFileReference; explicitFileType = wrapper.cfbundle; includeInIndex = 0; path = WesterosTests.xctest; sourceTree = BUILT_PRODUCTS_DIR; };
		8C29B99A1F0D49990022DCBE /* Info.plist */ = {isa = PBXFileReference; lastKnownFileType = text.plist.xml; path = Info.plist; sourceTree = "<group>"; };
		8C31B1921F152AC100B0AB24 /* HouseViewController.swift */ = {isa = PBXFileReference; fileEncoding = 4; lastKnownFileType = sourcecode.swift; path = HouseViewController.swift; sourceTree = "<group>"; };
		8C31B1931F152AC100B0AB24 /* HouseViewController.xib */ = {isa = PBXFileReference; fileEncoding = 4; lastKnownFileType = file.xib; path = HouseViewController.xib; sourceTree = "<group>"; };
		8C55109E1F16771100BD15E0 /* UIKitExtensions.swift */ = {isa = PBXFileReference; fileEncoding = 4; lastKnownFileType = sourcecode.swift; path = UIKitExtensions.swift; sourceTree = "<group>"; };
		8C5510A01F167AB400BD15E0 /* RepositoryTests.swift */ = {isa = PBXFileReference; fileEncoding = 4; lastKnownFileType = sourcecode.swift; path = RepositoryTests.swift; sourceTree = "<group>"; };
		8C5510A21F167C6C00BD15E0 /* Repository.swift */ = {isa = PBXFileReference; fileEncoding = 4; lastKnownFileType = sourcecode.swift; path = Repository.swift; sourceTree = "<group>"; };
		8C5510A41F1709F800BD15E0 /* targaryenSigil.jpg */ = {isa = PBXFileReference; lastKnownFileType = image.jpeg; path = targaryenSigil.jpg; sourceTree = "<group>"; };
		8C65F6DE1F2A553200913BD2 /* houses.jpg */ = {isa = PBXFileReference; lastKnownFileType = image.jpeg; path = houses.jpg; sourceTree = "<group>"; };
		8C65F6E01F2A553C00913BD2 /* westeros.png */ = {isa = PBXFileReference; lastKnownFileType = image.png; path = westeros.png; sourceTree = "<group>"; };
		8CD583021F0FC31000D425E0 /* HouseTests.swift */ = {isa = PBXFileReference; fileEncoding = 4; lastKnownFileType = sourcecode.swift; path = HouseTests.swift; sourceTree = "<group>"; };
		8CD583041F0FC44500D425E0 /* House.swift */ = {isa = PBXFileReference; fileEncoding = 4; lastKnownFileType = sourcecode.swift; path = House.swift; sourceTree = "<group>"; };
		8CD583071F0FCA8500D425E0 /* codeIsComing.png */ = {isa = PBXFileReference; lastKnownFileType = image.png; path = codeIsComing.png; sourceTree = "<group>"; };
		8CD583081F0FCA8500D425E0 /* lannister.jpg */ = {isa = PBXFileReference; lastKnownFileType = image.jpeg; path = lannister.jpg; sourceTree = "<group>"; };
		8CD5830C1F0FCCB700D425E0 /* PersonTest.swift */ = {isa = PBXFileReference; fileEncoding = 4; lastKnownFileType = sourcecode.swift; path = PersonTest.swift; sourceTree = "<group>"; };
		8CD5830E1F0FCF6E00D425E0 /* Person.swift */ = {isa = PBXFileReference; fileEncoding = 4; lastKnownFileType = sourcecode.swift; path = Person.swift; sourceTree = "<group>"; };
		8CD62E071F2976B200E9AF2A /* Season.swift */ = {isa = PBXFileReference; fileEncoding = 4; lastKnownFileType = sourcecode.swift; path = Season.swift; sourceTree = "<group>"; };
		8CD62E091F29770200E9AF2A /* SeasonTests.swift */ = {isa = PBXFileReference; fileEncoding = 4; lastKnownFileType = sourcecode.swift; path = SeasonTests.swift; sourceTree = "<group>"; };
		8CD62E0B1F29789400E9AF2A /* Episode.swift */ = {isa = PBXFileReference; fileEncoding = 4; lastKnownFileType = sourcecode.swift; path = Episode.swift; sourceTree = "<group>"; };
		8CDE53B81F1FBEF000D96B34 /* ArrayDataSource.swift */ = {isa = PBXFileReference; fileEncoding = 4; lastKnownFileType = sourcecode.swift; path = ArrayDataSource.swift; sourceTree = "<group>"; };
		8CDE53BA1F1FC3F400D96B34 /* ArrayDataSourceTests.swift */ = {isa = PBXFileReference; fileEncoding = 4; lastKnownFileType = sourcecode.swift; path = ArrayDataSourceTests.swift; sourceTree = "<group>"; };
		8CDE53BC1F1FC9B900D96B34 /* ArrayTableViewController.swift */ = {isa = PBXFileReference; fileEncoding = 4; lastKnownFileType = sourcecode.swift; path = ArrayTableViewController.swift; sourceTree = "<group>"; };
		8CDE53BF1F1FCBBF00D96B34 /* DataSources.swift */ = {isa = PBXFileReference; fileEncoding = 4; lastKnownFileType = sourcecode.swift; path = DataSources.swift; sourceTree = "<group>"; };
		8CDE53C11F1FD0B200D96B34 /* ArrayTableViewDelegate.swift */ = {isa = PBXFileReference; fileEncoding = 4; lastKnownFileType = sourcecode.swift; path = ArrayTableViewDelegate.swift; sourceTree = "<group>"; };
		8CDE53C51F1FD1B400D96B34 /* Delegates.swift */ = {isa = PBXFileReference; fileEncoding = 4; lastKnownFileType = sourcecode.swift; path = Delegates.swift; sourceTree = "<group>"; };
		8CF7997A1F1E5D3900AC30F8 /* WikiViewController.swift */ = {isa = PBXFileReference; fileEncoding = 4; lastKnownFileType = sourcecode.swift; path = WikiViewController.swift; sourceTree = "<group>"; };
		8CF7997B1F1E5D3900AC30F8 /* WikiViewController.xib */ = {isa = PBXFileReference; fileEncoding = 4; lastKnownFileType = file.xib; path = WikiViewController.xib; sourceTree = "<group>"; };
		8CF7997E1F1E71E000AC30F8 /* HousesTableViewController.swift */ = {isa = PBXFileReference; fileEncoding = 4; lastKnownFileType = sourcecode.swift; path = HousesTableViewController.swift; sourceTree = "<group>"; };
		8CF7997F1F1E71E000AC30F8 /* HousesTableViewController.xib */ = {isa = PBXFileReference; fileEncoding = 4; lastKnownFileType = file.xib; path = HousesTableViewController.xib; sourceTree = "<group>"; };
		8CF799821F1E7E8700AC30F8 /* PersonTableViewController.swift */ = {isa = PBXFileReference; fileEncoding = 4; lastKnownFileType = sourcecode.swift; path = PersonTableViewController.swift; sourceTree = "<group>"; };
		8CF799831F1E7E8700AC30F8 /* PersonTableViewController.xib */ = {isa = PBXFileReference; fileEncoding = 4; lastKnownFileType = file.xib; path = PersonTableViewController.xib; sourceTree = "<group>"; };
/* End PBXFileReference section */

/* Begin PBXFrameworksBuildPhase section */
		8C29B97D1F0D49980022DCBE /* Frameworks */ = {
			isa = PBXFrameworksBuildPhase;
			buildActionMask = 2147483647;
			files = (
			);
			runOnlyForDeploymentPostprocessing = 0;
		};
		8C29B9911F0D49990022DCBE /* Frameworks */ = {
			isa = PBXFrameworksBuildPhase;
			buildActionMask = 2147483647;
			files = (
			);
			runOnlyForDeploymentPostprocessing = 0;
		};
/* End PBXFrameworksBuildPhase section */

/* Begin PBXGroup section */
		8C29B9771F0D49980022DCBE = {
			isa = PBXGroup;
			children = (
				8C29B9821F0D49980022DCBE /* Westeros */,
				8C29B9971F0D49990022DCBE /* WesterosTests */,
				8C29B9811F0D49980022DCBE /* Products */,
			);
			sourceTree = "<group>";
		};
		8C29B9811F0D49980022DCBE /* Products */ = {
			isa = PBXGroup;
			children = (
				8C29B9801F0D49980022DCBE /* Westeros.app */,
				8C29B9941F0D49990022DCBE /* WesterosTests.xctest */,
			);
			name = Products;
			sourceTree = "<group>";
		};
		8C29B9821F0D49980022DCBE /* Westeros */ = {
			isa = PBXGroup;
			children = (
				8C55109B1F16767900BD15E0 /* Cocoa */,
				8CD5830B1F0FCA8D00D425E0 /* Resources */,
				8C31B1961F152AD400B0AB24 /* Controllers */,
				8CD583061F0FC45000D425E0 /* Models */,
				8C29B9831F0D49980022DCBE /* AppDelegate.swift */,
				8C29B98A1F0D49980022DCBE /* Assets.xcassets */,
				8C29B98C1F0D49980022DCBE /* LaunchScreen.storyboard */,
				8C29B98F1F0D49980022DCBE /* Info.plist */,
			);
			path = Westeros;
			sourceTree = "<group>";
		};
		8C29B9971F0D49990022DCBE /* WesterosTests */ = {
			isa = PBXGroup;
			children = (
				8C29B99A1F0D49990022DCBE /* Info.plist */,
				8CD583021F0FC31000D425E0 /* HouseTests.swift */,
				8CD5830C1F0FCCB700D425E0 /* PersonTest.swift */,
				8C5510A01F167AB400BD15E0 /* RepositoryTests.swift */,
				8CDE53BA1F1FC3F400D96B34 /* ArrayDataSourceTests.swift */,
				8CD62E091F29770200E9AF2A /* SeasonTests.swift */,
			);
			path = WesterosTests;
			sourceTree = "<group>";
		};
		8C31B1961F152AD400B0AB24 /* Controllers */ = {
			isa = PBXGroup;
			children = (
				8CDE53BE1F1FCB6D00D96B34 /* Generics */,
				8C31B1921F152AC100B0AB24 /* HouseViewController.swift */,
				8C31B1931F152AC100B0AB24 /* HouseViewController.xib */,
				8CF7997A1F1E5D3900AC30F8 /* WikiViewController.swift */,
				8CF7997B1F1E5D3900AC30F8 /* WikiViewController.xib */,
				8CF7997E1F1E71E000AC30F8 /* HousesTableViewController.swift */,
				8CF7997F1F1E71E000AC30F8 /* HousesTableViewController.xib */,
				8CF799821F1E7E8700AC30F8 /* PersonTableViewController.swift */,
				8CF799831F1E7E8700AC30F8 /* PersonTableViewController.xib */,
			);
			name = Controllers;
			sourceTree = "<group>";
		};
		8C55109B1F16767900BD15E0 /* Cocoa */ = {
			isa = PBXGroup;
			children = (
				8C55109E1F16771100BD15E0 /* UIKitExtensions.swift */,
			);
			name = Cocoa;
			sourceTree = "<group>";
		};
		8CD583061F0FC45000D425E0 /* Models */ = {
			isa = PBXGroup;
			children = (
				8CD583041F0FC44500D425E0 /* House.swift */,
				8CD5830E1F0FCF6E00D425E0 /* Person.swift */,
				8CD62E071F2976B200E9AF2A /* Season.swift */,
				8CD62E0B1F29789400E9AF2A /* Episode.swift */,
				8C5510A21F167C6C00BD15E0 /* Repository.swift */,
			);
			name = Models;
			sourceTree = "<group>";
		};
		8CD5830B1F0FCA8D00D425E0 /* Resources */ = {
			isa = PBXGroup;
			children = (
				8C65F6DE1F2A553200913BD2 /* houses.jpg */,
				8C65F6E01F2A553C00913BD2 /* westeros.png */,
				8C5510A41F1709F800BD15E0 /* targaryenSigil.jpg */,
				8CD583071F0FCA8500D425E0 /* codeIsComing.png */,
				8CD583081F0FCA8500D425E0 /* lannister.jpg */,
			);
			name = Resources;
			sourceTree = "<group>";
		};
		8CDE53BE1F1FCB6D00D96B34 /* Generics */ = {
			isa = PBXGroup;
			children = (
				8CDE53C41F1FD18200D96B34 /* Delegates */,
				8CDE53C31F1FD17300D96B34 /* DataSources */,
				8CDE53BC1F1FC9B900D96B34 /* ArrayTableViewController.swift */,
				8CDE53B81F1FBEF000D96B34 /* ArrayDataSource.swift */,
				8CDE53C11F1FD0B200D96B34 /* ArrayTableViewDelegate.swift */,
			);
			name = Generics;
			sourceTree = "<group>";
		};
		8CDE53C31F1FD17300D96B34 /* DataSources */ = {
			isa = PBXGroup;
			children = (
				8CDE53BF1F1FCBBF00D96B34 /* DataSources.swift */,
			);
			name = DataSources;
			sourceTree = "<group>";
		};
		8CDE53C41F1FD18200D96B34 /* Delegates */ = {
			isa = PBXGroup;
			children = (
				8CDE53C51F1FD1B400D96B34 /* Delegates.swift */,
			);
			name = Delegates;
			sourceTree = "<group>";
		};
/* End PBXGroup section */

/* Begin PBXNativeTarget section */
		8C29B97F1F0D49980022DCBE /* Westeros */ = {
			isa = PBXNativeTarget;
			buildConfigurationList = 8C29B99D1F0D49990022DCBE /* Build configuration list for PBXNativeTarget "Westeros" */;
			buildPhases = (
				8C29B97C1F0D49980022DCBE /* Sources */,
				8C29B97D1F0D49980022DCBE /* Frameworks */,
				8C29B97E1F0D49980022DCBE /* Resources */,
			);
			buildRules = (
			);
			dependencies = (
			);
			name = Westeros;
			productName = Westeros;
			productReference = 8C29B9801F0D49980022DCBE /* Westeros.app */;
			productType = "com.apple.product-type.application";
		};
		8C29B9931F0D49990022DCBE /* WesterosTests */ = {
			isa = PBXNativeTarget;
			buildConfigurationList = 8C29B9A01F0D49990022DCBE /* Build configuration list for PBXNativeTarget "WesterosTests" */;
			buildPhases = (
				8C29B9901F0D49990022DCBE /* Sources */,
				8C29B9911F0D49990022DCBE /* Frameworks */,
				8C29B9921F0D49990022DCBE /* Resources */,
			);
			buildRules = (
			);
			dependencies = (
				8C29B9961F0D49990022DCBE /* PBXTargetDependency */,
			);
			name = WesterosTests;
			productName = WesterosTests;
			productReference = 8C29B9941F0D49990022DCBE /* WesterosTests.xctest */;
			productType = "com.apple.product-type.bundle.unit-test";
		};
/* End PBXNativeTarget section */

/* Begin PBXProject section */
		8C29B9781F0D49980022DCBE /* Project object */ = {
			isa = PBXProject;
			attributes = {
				LastSwiftUpdateCheck = 0830;
				LastUpgradeCheck = 0830;
				ORGANIZATIONNAME = Ammyt;
				TargetAttributes = {
					8C29B97F1F0D49980022DCBE = {
						CreatedOnToolsVersion = 8.3.3;
						DevelopmentTeam = 9A452NB722;
						ProvisioningStyle = Automatic;
					};
					8C29B9931F0D49990022DCBE = {
						CreatedOnToolsVersion = 8.3.3;
						DevelopmentTeam = 9A452NB722;
						LastSwiftMigration = 0830;
						ProvisioningStyle = Automatic;
						TestTargetID = 8C29B97F1F0D49980022DCBE;
					};
				};
			};
			buildConfigurationList = 8C29B97B1F0D49980022DCBE /* Build configuration list for PBXProject "Westeros" */;
			compatibilityVersion = "Xcode 3.2";
			developmentRegion = English;
			hasScannedForEncodings = 0;
			knownRegions = (
				en,
				Base,
			);
			mainGroup = 8C29B9771F0D49980022DCBE;
			productRefGroup = 8C29B9811F0D49980022DCBE /* Products */;
			projectDirPath = "";
			projectRoot = "";
			targets = (
				8C29B97F1F0D49980022DCBE /* Westeros */,
				8C29B9931F0D49990022DCBE /* WesterosTests */,
			);
		};
/* End PBXProject section */

/* Begin PBXResourcesBuildPhase section */
		8C29B97E1F0D49980022DCBE /* Resources */ = {
			isa = PBXResourcesBuildPhase;
			buildActionMask = 2147483647;
			files = (
				8C5510A51F1709F800BD15E0 /* targaryenSigil.jpg in Resources */,
				8CF7997D1F1E5D3900AC30F8 /* WikiViewController.xib in Resources */,
				8CD5830A1F0FCA8500D425E0 /* lannister.jpg in Resources */,
				8CD583091F0FCA8500D425E0 /* codeIsComing.png in Resources */,
				8CF799811F1E71E000AC30F8 /* HousesTableViewController.xib in Resources */,
				8C31B1951F152AC100B0AB24 /* HouseViewController.xib in Resources */,
				8CF799851F1E7E8700AC30F8 /* PersonTableViewController.xib in Resources */,
				8C29B98E1F0D49980022DCBE /* LaunchScreen.storyboard in Resources */,
				8C65F6DF1F2A553200913BD2 /* houses.jpg in Resources */,
				8C29B98B1F0D49980022DCBE /* Assets.xcassets in Resources */,
				8C65F6E11F2A553C00913BD2 /* westeros.png in Resources */,
			);
			runOnlyForDeploymentPostprocessing = 0;
		};
		8C29B9921F0D49990022DCBE /* Resources */ = {
			isa = PBXResourcesBuildPhase;
			buildActionMask = 2147483647;
			files = (
			);
			runOnlyForDeploymentPostprocessing = 0;
		};
/* End PBXResourcesBuildPhase section */

/* Begin PBXSourcesBuildPhase section */
		8C29B97C1F0D49980022DCBE /* Sources */ = {
			isa = PBXSourcesBuildPhase;
			buildActionMask = 2147483647;
			files = (
				8CDE53BD1F1FC9B900D96B34 /* ArrayTableViewController.swift in Sources */,
				8CD62E0C1F29789400E9AF2A /* Episode.swift in Sources */,
				8CDE53B91F1FBEF000D96B34 /* ArrayDataSource.swift in Sources */,
				8CDE53C61F1FD1B400D96B34 /* Delegates.swift in Sources */,
				8CD62E081F2976B200E9AF2A /* Season.swift in Sources */,
				8CDE53C21F1FD0B200D96B34 /* ArrayTableViewDelegate.swift in Sources */,
				8CD5830F1F0FCF6E00D425E0 /* Person.swift in Sources */,
				8CD583051F0FC44500D425E0 /* House.swift in Sources */,
				8C29B9841F0D49980022DCBE /* AppDelegate.swift in Sources */,
				8C31B1941F152AC100B0AB24 /* HouseViewController.swift in Sources */,
				8C55109F1F16771100BD15E0 /* UIKitExtensions.swift in Sources */,
				8CF799801F1E71E000AC30F8 /* HousesTableViewController.swift in Sources */,
				8CF7997C1F1E5D3900AC30F8 /* WikiViewController.swift in Sources */,
				8C5510A31F167C6C00BD15E0 /* Repository.swift in Sources */,
				8CDE53C01F1FCBBF00D96B34 /* DataSources.swift in Sources */,
				8CF799841F1E7E8700AC30F8 /* PersonTableViewController.swift in Sources */,
			);
			runOnlyForDeploymentPostprocessing = 0;
		};
		8C29B9901F0D49990022DCBE /* Sources */ = {
			isa = PBXSourcesBuildPhase;
			buildActionMask = 2147483647;
			files = (
				8CD62E0A1F29770200E9AF2A /* SeasonTests.swift in Sources */,
				8CD583031F0FC31000D425E0 /* HouseTests.swift in Sources */,
				8CD5830D1F0FCCB700D425E0 /* PersonTest.swift in Sources */,
				8CDE53BB1F1FC3F400D96B34 /* ArrayDataSourceTests.swift in Sources */,
				8C5510A11F167AB400BD15E0 /* RepositoryTests.swift in Sources */,
			);
			runOnlyForDeploymentPostprocessing = 0;
		};
/* End PBXSourcesBuildPhase section */

/* Begin PBXTargetDependency section */
		8C29B9961F0D49990022DCBE /* PBXTargetDependency */ = {
			isa = PBXTargetDependency;
			target = 8C29B97F1F0D49980022DCBE /* Westeros */;
			targetProxy = 8C29B9951F0D49990022DCBE /* PBXContainerItemProxy */;
		};
/* End PBXTargetDependency section */

/* Begin PBXVariantGroup section */
		8C29B98C1F0D49980022DCBE /* LaunchScreen.storyboard */ = {
			isa = PBXVariantGroup;
			children = (
				8C29B98D1F0D49980022DCBE /* Base */,
			);
			name = LaunchScreen.storyboard;
			sourceTree = "<group>";
		};
/* End PBXVariantGroup section */

/* Begin XCBuildConfiguration section */
		8C29B99B1F0D49990022DCBE /* Debug */ = {
			isa = XCBuildConfiguration;
			buildSettings = {
				ALWAYS_SEARCH_USER_PATHS = NO;
				CLANG_ANALYZER_NONNULL = YES;
				CLANG_ANALYZER_NUMBER_OBJECT_CONVERSION = YES_AGGRESSIVE;
				CLANG_CXX_LANGUAGE_STANDARD = "gnu++0x";
				CLANG_CXX_LIBRARY = "libc++";
				CLANG_ENABLE_MODULES = YES;
				CLANG_ENABLE_OBJC_ARC = YES;
				CLANG_WARN_BOOL_CONVERSION = YES;
				CLANG_WARN_CONSTANT_CONVERSION = YES;
				CLANG_WARN_DIRECT_OBJC_ISA_USAGE = YES_ERROR;
				CLANG_WARN_DOCUMENTATION_COMMENTS = YES;
				CLANG_WARN_EMPTY_BODY = YES;
				CLANG_WARN_ENUM_CONVERSION = YES;
				CLANG_WARN_INFINITE_RECURSION = YES;
				CLANG_WARN_INT_CONVERSION = YES;
				CLANG_WARN_OBJC_ROOT_CLASS = YES_ERROR;
				CLANG_WARN_SUSPICIOUS_MOVE = YES;
				CLANG_WARN_UNREACHABLE_CODE = YES;
				CLANG_WARN__DUPLICATE_METHOD_MATCH = YES;
				"CODE_SIGN_IDENTITY[sdk=iphoneos*]" = "iPhone Developer";
				COPY_PHASE_STRIP = NO;
				DEBUG_INFORMATION_FORMAT = dwarf;
				ENABLE_STRICT_OBJC_MSGSEND = YES;
				ENABLE_TESTABILITY = YES;
				GCC_C_LANGUAGE_STANDARD = gnu99;
				GCC_DYNAMIC_NO_PIC = NO;
				GCC_NO_COMMON_BLOCKS = YES;
				GCC_OPTIMIZATION_LEVEL = 0;
				GCC_PREPROCESSOR_DEFINITIONS = (
					"DEBUG=1",
					"$(inherited)",
				);
				GCC_WARN_64_TO_32_BIT_CONVERSION = YES;
				GCC_WARN_ABOUT_RETURN_TYPE = YES_ERROR;
				GCC_WARN_UNDECLARED_SELECTOR = YES;
				GCC_WARN_UNINITIALIZED_AUTOS = YES_AGGRESSIVE;
				GCC_WARN_UNUSED_FUNCTION = YES;
				GCC_WARN_UNUSED_VARIABLE = YES;
				IPHONEOS_DEPLOYMENT_TARGET = 10.3;
				MTL_ENABLE_DEBUG_INFO = YES;
				ONLY_ACTIVE_ARCH = YES;
				SDKROOT = iphoneos;
				SWIFT_ACTIVE_COMPILATION_CONDITIONS = DEBUG;
				SWIFT_OPTIMIZATION_LEVEL = "-Onone";
				TARGETED_DEVICE_FAMILY = "1,2";
			};
			name = Debug;
		};
		8C29B99C1F0D49990022DCBE /* Release */ = {
			isa = XCBuildConfiguration;
			buildSettings = {
				ALWAYS_SEARCH_USER_PATHS = NO;
				CLANG_ANALYZER_NONNULL = YES;
				CLANG_ANALYZER_NUMBER_OBJECT_CONVERSION = YES_AGGRESSIVE;
				CLANG_CXX_LANGUAGE_STANDARD = "gnu++0x";
				CLANG_CXX_LIBRARY = "libc++";
				CLANG_ENABLE_MODULES = YES;
				CLANG_ENABLE_OBJC_ARC = YES;
				CLANG_WARN_BOOL_CONVERSION = YES;
				CLANG_WARN_CONSTANT_CONVERSION = YES;
				CLANG_WARN_DIRECT_OBJC_ISA_USAGE = YES_ERROR;
				CLANG_WARN_DOCUMENTATION_COMMENTS = YES;
				CLANG_WARN_EMPTY_BODY = YES;
				CLANG_WARN_ENUM_CONVERSION = YES;
				CLANG_WARN_INFINITE_RECURSION = YES;
				CLANG_WARN_INT_CONVERSION = YES;
				CLANG_WARN_OBJC_ROOT_CLASS = YES_ERROR;
				CLANG_WARN_SUSPICIOUS_MOVE = YES;
				CLANG_WARN_UNREACHABLE_CODE = YES;
				CLANG_WARN__DUPLICATE_METHOD_MATCH = YES;
				"CODE_SIGN_IDENTITY[sdk=iphoneos*]" = "iPhone Developer";
				COPY_PHASE_STRIP = NO;
				DEBUG_INFORMATION_FORMAT = "dwarf-with-dsym";
				ENABLE_NS_ASSERTIONS = NO;
				ENABLE_STRICT_OBJC_MSGSEND = YES;
				GCC_C_LANGUAGE_STANDARD = gnu99;
				GCC_NO_COMMON_BLOCKS = YES;
				GCC_WARN_64_TO_32_BIT_CONVERSION = YES;
				GCC_WARN_ABOUT_RETURN_TYPE = YES_ERROR;
				GCC_WARN_UNDECLARED_SELECTOR = YES;
				GCC_WARN_UNINITIALIZED_AUTOS = YES_AGGRESSIVE;
				GCC_WARN_UNUSED_FUNCTION = YES;
				GCC_WARN_UNUSED_VARIABLE = YES;
				IPHONEOS_DEPLOYMENT_TARGET = 10.3;
				MTL_ENABLE_DEBUG_INFO = NO;
				SDKROOT = iphoneos;
				SWIFT_OPTIMIZATION_LEVEL = "-Owholemodule";
				TARGETED_DEVICE_FAMILY = "1,2";
				VALIDATE_PRODUCT = YES;
			};
			name = Release;
		};
		8C29B99E1F0D49990022DCBE /* Debug */ = {
			isa = XCBuildConfiguration;
			buildSettings = {
				ASSETCATALOG_COMPILER_APPICON_NAME = AppIcon;
				DEVELOPMENT_TEAM = 9A452NB722;
				INFOPLIST_FILE = Westeros/Info.plist;
				IPHONEOS_DEPLOYMENT_TARGET = 10.3;
				LD_RUNPATH_SEARCH_PATHS = "$(inherited) @executable_path/Frameworks";
				PRODUCT_BUNDLE_IDENTIFIER = mjp.Westeros;
				PRODUCT_NAME = "$(TARGET_NAME)";
				SWIFT_VERSION = 3.0;
			};
			name = Debug;
		};
		8C29B99F1F0D49990022DCBE /* Release */ = {
			isa = XCBuildConfiguration;
			buildSettings = {
				ASSETCATALOG_COMPILER_APPICON_NAME = AppIcon;
				DEVELOPMENT_TEAM = 9A452NB722;
				INFOPLIST_FILE = Westeros/Info.plist;
				IPHONEOS_DEPLOYMENT_TARGET = 10.3;
				LD_RUNPATH_SEARCH_PATHS = "$(inherited) @executable_path/Frameworks";
				PRODUCT_BUNDLE_IDENTIFIER = mjp.Westeros;
				PRODUCT_NAME = "$(TARGET_NAME)";
				SWIFT_VERSION = 3.0;
			};
			name = Release;
		};
		8C29B9A11F0D49990022DCBE /* Debug */ = {
			isa = XCBuildConfiguration;
			buildSettings = {
				ALWAYS_EMBED_SWIFT_STANDARD_LIBRARIES = YES;
				BUNDLE_LOADER = "$(TEST_HOST)";
				CLANG_ENABLE_MODULES = YES;
				DEVELOPMENT_TEAM = 9A452NB722;
				INFOPLIST_FILE = WesterosTests/Info.plist;
				LD_RUNPATH_SEARCH_PATHS = "$(inherited) @executable_path/Frameworks @loader_path/Frameworks";
				PRODUCT_BUNDLE_IDENTIFIER = mjp.WesterosTests;
				PRODUCT_NAME = "$(TARGET_NAME)";
				SWIFT_OPTIMIZATION_LEVEL = "-Onone";
				SWIFT_VERSION = 3.0;
				TEST_HOST = "$(BUILT_PRODUCTS_DIR)/Westeros.app/Westeros";
			};
			name = Debug;
		};
		8C29B9A21F0D49990022DCBE /* Release */ = {
			isa = XCBuildConfiguration;
			buildSettings = {
				ALWAYS_EMBED_SWIFT_STANDARD_LIBRARIES = YES;
				BUNDLE_LOADER = "$(TEST_HOST)";
				CLANG_ENABLE_MODULES = YES;
				DEVELOPMENT_TEAM = 9A452NB722;
				INFOPLIST_FILE = WesterosTests/Info.plist;
				LD_RUNPATH_SEARCH_PATHS = "$(inherited) @executable_path/Frameworks @loader_path/Frameworks";
				PRODUCT_BUNDLE_IDENTIFIER = mjp.WesterosTests;
				PRODUCT_NAME = "$(TARGET_NAME)";
				SWIFT_VERSION = 3.0;
				TEST_HOST = "$(BUILT_PRODUCTS_DIR)/Westeros.app/Westeros";
			};
			name = Release;
		};
/* End XCBuildConfiguration section */

/* Begin XCConfigurationList section */
		8C29B97B1F0D49980022DCBE /* Build configuration list for PBXProject "Westeros" */ = {
			isa = XCConfigurationList;
			buildConfigurations = (
				8C29B99B1F0D49990022DCBE /* Debug */,
				8C29B99C1F0D49990022DCBE /* Release */,
			);
			defaultConfigurationIsVisible = 0;
			defaultConfigurationName = Release;
		};
		8C29B99D1F0D49990022DCBE /* Build configuration list for PBXNativeTarget "Westeros" */ = {
			isa = XCConfigurationList;
			buildConfigurations = (
				8C29B99E1F0D49990022DCBE /* Debug */,
				8C29B99F1F0D49990022DCBE /* Release */,
			);
			defaultConfigurationIsVisible = 0;
			defaultConfigurationName = Release;
		};
		8C29B9A01F0D49990022DCBE /* Build configuration list for PBXNativeTarget "WesterosTests" */ = {
			isa = XCConfigurationList;
			buildConfigurations = (
				8C29B9A11F0D49990022DCBE /* Debug */,
				8C29B9A21F0D49990022DCBE /* Release */,
			);
			defaultConfigurationIsVisible = 0;
			defaultConfigurationName = Release;
		};
/* End XCConfigurationList section */
	};
	rootObject = 8C29B9781F0D49980022DCBE /* Project object */;
}
